
Microsoft Visual Studio Solution File, Format Version 12.00
# Visual Studio Version 16
VisualStudioVersion = 16.0.29424.173
MinimumVisualStudioVersion = 10.0.40219.1
Project("{FAE04EC0-301F-11D3-BF4B-00C04F79EFBC}") = "IPGManagement", "IPGManagement\IPGManagement.csproj", "{7906B04B-E50A-4E8D-9915-645E5E08C74E}"
EndProject
Global
	GlobalSection(SolutionConfigurationPlatforms) = preSolution
		Debug|Any CPU = Debug|Any CPU
		Release|Any CPU = Release|Any CPU
	EndGlobalSection
	GlobalSection(ProjectConfigurationPlatforms) = postSolution
		{7906B04B-E50A-4E8D-9915-645E5E08C74E}.Debug|Any CPU.ActiveCfg = Debug|Any CPU
		{7906B04B-E50A-4E8D-9915-645E5E08C74E}.Debug|Any CPU.Build.0 = Debug|Any CPU
		{7906B04B-E50A-4E8D-9915-645E5E08C74E}.Release|Any CPU.ActiveCfg = Release|Any CPU
		{7906B04B-E50A-4E8D-9915-645E5E08C74E}.Release|Any CPU.Build.0 = Release|Any CPU
	EndGlobalSection
	GlobalSection(SolutionProperties) = preSolution
		HideSolutionNode = FALSE
	EndGlobalSection
	GlobalSection(ExtensibilityGlobals) = postSolution
		SolutionGuid = {3275563E-A0FB-4DD5-ADFD-0ECED4CB2E4B}
	EndGlobalSection
EndGlobal
